
Microsoft Visual Studio Solution File, Format Version 12.00
# Visual Studio Version 17
VisualStudioVersion = 17.0.31903.59
MinimumVisualStudioVersion = 10.0.40219.1
Project("{2150E333-8FDC-42A3-9474-1A3956D46DE8}") = "src", "src", "{827E0CD3-B72D-47B6-A68D-7590B98EB39B}"
EndProject
Project("{2150E333-8FDC-42A3-9474-1A3956D46DE8}") = "SharedKernel", "SharedKernel", "{85F909CB-8F14-ECC8-BA9D-713D1771907F}"
EndProject
Project("{FAE04EC0-301F-11D3-BF4B-00C04F79EFBC}") = "FleetManagement.SharedKernel", "src\SharedKernel\FleetManagement.SharedKernel\FleetManagement.SharedKernel.csproj", "{D97B9504-D498-402B-933B-87692593F874}"
EndProject
Project("{2150E333-8FDC-42A3-9474-1A3956D46DE8}") = "Modules", "Modules", "{EC447DCF-ABFA-6E24-52A5-D7FD48A5C558}"
EndProject
Project("{FAE04EC0-301F-11D3-BF4B-00C04F79EFBC}") = "FleetManagement.Modules.Vehicles", "src\Modules\FleetManagement.Modules.Vehicles\FleetManagement.Modules.Vehicles.csproj", "{F2D2BF3B-EBE7-466A-B5E5-B167A9480ABD}"
EndProject
Project("{FAE04EC0-301F-11D3-BF4B-00C04F79EFBC}") = "FleetManagement.Modules.Drivers", "src\Modules\FleetManagement.Modules.Drivers\FleetManagement.Modules.Drivers.csproj", "{A721B0EC-B26A-4FEF-8A0A-0C048A24C7AB}"
EndProject
Project("{FAE04EC0-301F-11D3-BF4B-00C04F79EFBC}") = "FleetManagement.Modules.Trips", "src\Modules\FleetManagement.Modules.Trips\FleetManagement.Modules.Trips.csproj", "{7DA81C64-4306-4CD2-B55F-D1F8F5EACA63}"
EndProject
Project("{FAE04EC0-301F-11D3-BF4B-00C04F79EFBC}") = "FleetManagement.Modules.Maintenance", "src\Modules\FleetManagement.Modules.Maintenance\FleetManagement.Modules.Maintenance.csproj", "{1AA01E84-FAC0-4669-AC9A-E724417D4180}"
EndProject
Project("{FAE04EC0-301F-11D3-BF4B-00C04F79EFBC}") = "FleetManagement.Modules.Notifications", "src\Modules\FleetManagement.Modules.Notifications\FleetManagement.Modules.Notifications.csproj", "{E896625A-383B-4BEB-A13D-5D69AC09F9F8}"
EndProject
Project("{2150E333-8FDC-42A3-9474-1A3956D46DE8}") = "Presentation", "Presentation", "{6996BBF7-DB31-59BC-C7DD-9A7CCC6138C4}"
EndProject
Project("{FAE04EC0-301F-11D3-BF4B-00C04F79EFBC}") = "FleetManagement.WPF", "src\Presentation\FleetManagement.WPF\FleetManagement.WPF.csproj", "{AF32FC3A-F886-4C33-86C1-643924E9F8AD}"
EndProject
Project("{2150E333-8FDC-42A3-9474-1A3956D46DE8}") = "tests", "tests", "{0AB3BF05-4346-4AA6-1389-037BE0695223}"
EndProject
Project("{FAE04EC0-301F-11D3-BF4B-00C04F79EFBC}") = "FleetManagement.Tests", "tests\FleetManagement.Tests\FleetManagement.Tests.csproj", "{F7ABCCF9-1EEB-4989-B1B7-26D93A644D3A}"
EndProject
Project("{2150E333-8FDC-42A3-9474-1A3956D46DE8}") = ".github", ".github", "{02EA681E-C7D8-13C7-8484-4AC65E1B71E8}"
EndProject
Project("{2150E333-8FDC-42A3-9474-1A3956D46DE8}") = "workflows", "workflows", "{4FBC698A-D669-4EEC-B685-E881B59C9793}"
	ProjectSection(SolutionItems) = preProject
		dotnet.yaml = dotnet.yaml
	EndProjectSection
EndProject
Global
	GlobalSection(SolutionConfigurationPlatforms) = preSolution
		Debug|Any CPU = Debug|Any CPU
		Debug|x64 = Debug|x64
		Debug|x86 = Debug|x86
		Release|Any CPU = Release|Any CPU
		Release|x64 = Release|x64
		Release|x86 = Release|x86
	EndGlobalSection
	GlobalSection(ProjectConfigurationPlatforms) = postSolution
		{D97B9504-D498-402B-933B-87692593F874}.Debug|Any CPU.ActiveCfg = Debug|Any CPU
		{D97B9504-D498-402B-933B-87692593F874}.Debug|Any CPU.Build.0 = Debug|Any CPU
		{D97B9504-D498-402B-933B-87692593F874}.Debug|x64.ActiveCfg = Debug|Any CPU
		{D97B9504-D498-402B-933B-87692593F874}.Debug|x64.Build.0 = Debug|Any CPU
		{D97B9504-D498-402B-933B-87692593F874}.Debug|x86.ActiveCfg = Debug|Any CPU
		{D97B9504-D498-402B-933B-87692593F874}.Debug|x86.Build.0 = Debug|Any CPU
		{D97B9504-D498-402B-933B-87692593F874}.Release|Any CPU.ActiveCfg = Release|Any CPU
		{D97B9504-D498-402B-933B-87692593F874}.Release|Any CPU.Build.0 = Release|Any CPU
		{D97B9504-D498-402B-933B-87692593F874}.Release|x64.ActiveCfg = Release|Any CPU
		{D97B9504-D498-402B-933B-87692593F874}.Release|x64.Build.0 = Release|Any CPU
		{D97B9504-D498-402B-933B-87692593F874}.Release|x86.ActiveCfg = Release|Any CPU
		{D97B9504-D498-402B-933B-87692593F874}.Release|x86.Build.0 = Release|Any CPU
		{F2D2BF3B-EBE7-466A-B5E5-B167A9480ABD}.Debug|Any CPU.ActiveCfg = Debug|Any CPU
		{F2D2BF3B-EBE7-466A-B5E5-B167A9480ABD}.Debug|Any CPU.Build.0 = Debug|Any CPU
		{F2D2BF3B-EBE7-466A-B5E5-B167A9480ABD}.Debug|x64.ActiveCfg = Debug|Any CPU
		{F2D2BF3B-EBE7-466A-B5E5-B167A9480ABD}.Debug|x64.Build.0 = Debug|Any CPU
		{F2D2BF3B-EBE7-466A-B5E5-B167A9480ABD}.Debug|x86.ActiveCfg = Debug|Any CPU
		{F2D2BF3B-EBE7-466A-B5E5-B167A9480ABD}.Debug|x86.Build.0 = Debug|Any CPU
		{F2D2BF3B-EBE7-466A-B5E5-B167A9480ABD}.Release|Any CPU.ActiveCfg = Release|Any CPU
		{F2D2BF3B-EBE7-466A-B5E5-B167A9480ABD}.Release|Any CPU.Build.0 = Release|Any CPU
		{F2D2BF3B-EBE7-466A-B5E5-B167A9480ABD}.Release|x64.ActiveCfg = Release|Any CPU
		{F2D2BF3B-EBE7-466A-B5E5-B167A9480ABD}.Release|x64.Build.0 = Release|Any CPU
		{F2D2BF3B-EBE7-466A-B5E5-B167A9480ABD}.Release|x86.ActiveCfg = Release|Any CPU
		{F2D2BF3B-EBE7-466A-B5E5-B167A9480ABD}.Release|x86.Build.0 = Release|Any CPU
		{A721B0EC-B26A-4FEF-8A0A-0C048A24C7AB}.Debug|Any CPU.ActiveCfg = Debug|Any CPU
		{A721B0EC-B26A-4FEF-8A0A-0C048A24C7AB}.Debug|Any CPU.Build.0 = Debug|Any CPU
		{A721B0EC-B26A-4FEF-8A0A-0C048A24C7AB}.Debug|x64.ActiveCfg = Debug|Any CPU
		{A721B0EC-B26A-4FEF-8A0A-0C048A24C7AB}.Debug|x64.Build.0 = Debug|Any CPU
		{A721B0EC-B26A-4FEF-8A0A-0C048A24C7AB}.Debug|x86.ActiveCfg = Debug|Any CPU
		{A721B0EC-B26A-4FEF-8A0A-0C048A24C7AB}.Debug|x86.Build.0 = Debug|Any CPU
		{A721B0EC-B26A-4FEF-8A0A-0C048A24C7AB}.Release|Any CPU.ActiveCfg = Release|Any CPU
		{A721B0EC-B26A-4FEF-8A0A-0C048A24C7AB}.Release|Any CPU.Build.0 = Release|Any CPU
		{A721B0EC-B26A-4FEF-8A0A-0C048A24C7AB}.Release|x64.ActiveCfg = Release|Any CPU
		{A721B0EC-B26A-4FEF-8A0A-0C048A24C7AB}.Release|x64.Build.0 = Release|Any CPU
		{A721B0EC-B26A-4FEF-8A0A-0C048A24C7AB}.Release|x86.ActiveCfg = Release|Any CPU
		{A721B0EC-B26A-4FEF-8A0A-0C048A24C7AB}.Release|x86.Build.0 = Release|Any CPU
		{7DA81C64-4306-4CD2-B55F-D1F8F5EACA63}.Debug|Any CPU.ActiveCfg = Debug|Any CPU
		{7DA81C64-4306-4CD2-B55F-D1F8F5EACA63}.Debug|Any CPU.Build.0 = Debug|Any CPU
		{7DA81C64-4306-4CD2-B55F-D1F8F5EACA63}.Debug|x64.ActiveCfg = Debug|Any CPU
		{7DA81C64-4306-4CD2-B55F-D1F8F5EACA63}.Debug|x64.Build.0 = Debug|Any CPU
		{7DA81C64-4306-4CD2-B55F-D1F8F5EACA63}.Debug|x86.ActiveCfg = Debug|Any CPU
		{7DA81C64-4306-4CD2-B55F-D1F8F5EACA63}.Debug|x86.Build.0 = Debug|Any CPU
		{7DA81C64-4306-4CD2-B55F-D1F8F5EACA63}.Release|Any CPU.ActiveCfg = Release|Any CPU
		{7DA81C64-4306-4CD2-B55F-D1F8F5EACA63}.Release|Any CPU.Build.0 = Release|Any CPU
		{7DA81C64-4306-4CD2-B55F-D1F8F5EACA63}.Release|x64.ActiveCfg = Release|Any CPU
		{7DA81C64-4306-4CD2-B55F-D1F8F5EACA63}.Release|x64.Build.0 = Release|Any CPU
		{7DA81C64-4306-4CD2-B55F-D1F8F5EACA63}.Release|x86.ActiveCfg = Release|Any CPU
		{7DA81C64-4306-4CD2-B55F-D1F8F5EACA63}.Release|x86.Build.0 = Release|Any CPU
		{1AA01E84-FAC0-4669-AC9A-E724417D4180}.Debug|Any CPU.ActiveCfg = Debug|Any CPU
		{1AA01E84-FAC0-4669-AC9A-E724417D4180}.Debug|Any CPU.Build.0 = Debug|Any CPU
		{1AA01E84-FAC0-4669-AC9A-E724417D4180}.Debug|x64.ActiveCfg = Debug|Any CPU
		{1AA01E84-FAC0-4669-AC9A-E724417D4180}.Debug|x64.Build.0 = Debug|Any CPU
		{1AA01E84-FAC0-4669-AC9A-E724417D4180}.Debug|x86.ActiveCfg = Debug|Any CPU
		{1AA01E84-FAC0-4669-AC9A-E724417D4180}.Debug|x86.Build.0 = Debug|Any CPU
		{1AA01E84-FAC0-4669-AC9A-E724417D4180}.Release|Any CPU.ActiveCfg = Release|Any CPU
		{1AA01E84-FAC0-4669-AC9A-E724417D4180}.Release|Any CPU.Build.0 = Release|Any CPU
		{1AA01E84-FAC0-4669-AC9A-E724417D4180}.Release|x64.ActiveCfg = Release|Any CPU
		{1AA01E84-FAC0-4669-AC9A-E724417D4180}.Release|x64.Build.0 = Release|Any CPU
		{1AA01E84-FAC0-4669-AC9A-E724417D4180}.Release|x86.ActiveCfg = Release|Any CPU
		{1AA01E84-FAC0-4669-AC9A-E724417D4180}.Release|x86.Build.0 = Release|Any CPU
		{E896625A-383B-4BEB-A13D-5D69AC09F9F8}.Debug|Any CPU.ActiveCfg = Debug|Any CPU
		{E896625A-383B-4BEB-A13D-5D69AC09F9F8}.Debug|Any CPU.Build.0 = Debug|Any CPU
		{E896625A-383B-4BEB-A13D-5D69AC09F9F8}.Debug|x64.ActiveCfg = Debug|Any CPU
		{E896625A-383B-4BEB-A13D-5D69AC09F9F8}.Debug|x64.Build.0 = Debug|Any CPU
		{E896625A-383B-4BEB-A13D-5D69AC09F9F8}.Debug|x86.ActiveCfg = Debug|Any CPU
		{E896625A-383B-4BEB-A13D-5D69AC09F9F8}.Debug|x86.Build.0 = Debug|Any CPU
		{E896625A-383B-4BEB-A13D-5D69AC09F9F8}.Release|Any CPU.ActiveCfg = Release|Any CPU
		{E896625A-383B-4BEB-A13D-5D69AC09F9F8}.Release|Any CPU.Build.0 = Release|Any CPU
		{E896625A-383B-4BEB-A13D-5D69AC09F9F8}.Release|x64.ActiveCfg = Release|Any CPU
		{E896625A-383B-4BEB-A13D-5D69AC09F9F8}.Release|x64.Build.0 = Release|Any CPU
		{E896625A-383B-4BEB-A13D-5D69AC09F9F8}.Release|x86.ActiveCfg = Release|Any CPU
		{E896625A-383B-4BEB-A13D-5D69AC09F9F8}.Release|x86.Build.0 = Release|Any CPU
		{AF32FC3A-F886-4C33-86C1-643924E9F8AD}.Debug|Any CPU.ActiveCfg = Debug|Any CPU
		{AF32FC3A-F886-4C33-86C1-643924E9F8AD}.Debug|Any CPU.Build.0 = Debug|Any CPU
		{AF32FC3A-F886-4C33-86C1-643924E9F8AD}.Debug|x64.ActiveCfg = Debug|Any CPU
		{AF32FC3A-F886-4C33-86C1-643924E9F8AD}.Debug|x64.Build.0 = Debug|Any CPU
		{AF32FC3A-F886-4C33-86C1-643924E9F8AD}.Debug|x86.ActiveCfg = Debug|Any CPU
		{AF32FC3A-F886-4C33-86C1-643924E9F8AD}.Debug|x86.Build.0 = Debug|Any CPU
		{AF32FC3A-F886-4C33-86C1-643924E9F8AD}.Release|Any CPU.ActiveCfg = Release|Any CPU
		{AF32FC3A-F886-4C33-86C1-643924E9F8AD}.Release|Any CPU.Build.0 = Release|Any CPU
		{AF32FC3A-F886-4C33-86C1-643924E9F8AD}.Release|x64.ActiveCfg = Release|Any CPU
		{AF32FC3A-F886-4C33-86C1-643924E9F8AD}.Release|x64.Build.0 = Release|Any CPU
		{AF32FC3A-F886-4C33-86C1-643924E9F8AD}.Release|x86.ActiveCfg = Release|Any CPU
		{AF32FC3A-F886-4C33-86C1-643924E9F8AD}.Release|x86.Build.0 = Release|Any CPU
		{F7ABCCF9-1EEB-4989-B1B7-26D93A644D3A}.Debug|Any CPU.ActiveCfg = Debug|Any CPU
		{F7ABCCF9-1EEB-4989-B1B7-26D93A644D3A}.Debug|Any CPU.Build.0 = Debug|Any CPU
		{F7ABCCF9-1EEB-4989-B1B7-26D93A644D3A}.Debug|x64.ActiveCfg = Debug|Any CPU
		{F7ABCCF9-1EEB-4989-B1B7-26D93A644D3A}.Debug|x64.Build.0 = Debug|Any CPU
		{F7ABCCF9-1EEB-4989-B1B7-26D93A644D3A}.Debug|x86.ActiveCfg = Debug|Any CPU
		{F7ABCCF9-1EEB-4989-B1B7-26D93A644D3A}.Debug|x86.Build.0 = Debug|Any CPU
		{F7ABCCF9-1EEB-4989-B1B7-26D93A644D3A}.Release|Any CPU.ActiveCfg = Release|Any CPU
		{F7ABCCF9-1EEB-4989-B1B7-26D93A644D3A}.Release|Any CPU.Build.0 = Release|Any CPU
		{F7ABCCF9-1EEB-4989-B1B7-26D93A644D3A}.Release|x64.ActiveCfg = Release|Any CPU
		{F7ABCCF9-1EEB-4989-B1B7-26D93A644D3A}.Release|x64.Build.0 = Release|Any CPU
		{F7ABCCF9-1EEB-4989-B1B7-26D93A644D3A}.Release|x86.ActiveCfg = Release|Any CPU
		{F7ABCCF9-1EEB-4989-B1B7-26D93A644D3A}.Release|x86.Build.0 = Release|Any CPU
	EndGlobalSection
	GlobalSection(SolutionProperties) = preSolution
		HideSolutionNode = FALSE
	EndGlobalSection
	GlobalSection(NestedProjects) = preSolution
		{85F909CB-8F14-ECC8-BA9D-713D1771907F} = {827E0CD3-B72D-47B6-A68D-7590B98EB39B}
		{D97B9504-D498-402B-933B-87692593F874} = {85F909CB-8F14-ECC8-BA9D-713D1771907F}
		{EC447DCF-ABFA-6E24-52A5-D7FD48A5C558} = {827E0CD3-B72D-47B6-A68D-7590B98EB39B}
		{F2D2BF3B-EBE7-466A-B5E5-B167A9480ABD} = {EC447DCF-ABFA-6E24-52A5-D7FD48A5C558}
		{A721B0EC-B26A-4FEF-8A0A-0C048A24C7AB} = {EC447DCF-ABFA-6E24-52A5-D7FD48A5C558}
		{7DA81C64-4306-4CD2-B55F-D1F8F5EACA63} = {EC447DCF-ABFA-6E24-52A5-D7FD48A5C558}
		{1AA01E84-FAC0-4669-AC9A-E724417D4180} = {EC447DCF-ABFA-6E24-52A5-D7FD48A5C558}
		{E896625A-383B-4BEB-A13D-5D69AC09F9F8} = {EC447DCF-ABFA-6E24-52A5-D7FD48A5C558}
		{6996BBF7-DB31-59BC-C7DD-9A7CCC6138C4} = {827E0CD3-B72D-47B6-A68D-7590B98EB39B}
		{AF32FC3A-F886-4C33-86C1-643924E9F8AD} = {6996BBF7-DB31-59BC-C7DD-9A7CCC6138C4}
		{F7ABCCF9-1EEB-4989-B1B7-26D93A644D3A} = {0AB3BF05-4346-4AA6-1389-037BE0695223}
		{4FBC698A-D669-4EEC-B685-E881B59C9793} = {02EA681E-C7D8-13C7-8484-4AC65E1B71E8}
	EndGlobalSection
	GlobalSection(ExtensibilityGlobals) = postSolution
		SolutionGuid = {194C081B-CAE8-4EF2-995E-40364378005A}
	EndGlobalSection
EndGlobal
